
Microsoft Visual Studio Solution File, Format Version 12.00
# Visual Studio Version 17
VisualStudioVersion = 17.0.32112.339
MinimumVisualStudioVersion = 10.0.40219.1
Project("{FAE04EC0-301F-11D3-BF4B-00C04F79EFBC}") = "Problema1", "Problema1\Problema1.csproj", "{1A5D2CA3-0482-4E09-99E6-AD740DA20678}"
EndProject
Global
	GlobalSection(SolutionConfigurationPlatforms) = preSolution
		Debug|Any CPU = Debug|Any CPU
		Release|Any CPU = Release|Any CPU
	EndGlobalSection
	GlobalSection(ProjectConfigurationPlatforms) = postSolution
		{1A5D2CA3-0482-4E09-99E6-AD740DA20678}.Debug|Any CPU.ActiveCfg = Debug|Any CPU
		{1A5D2CA3-0482-4E09-99E6-AD740DA20678}.Debug|Any CPU.Build.0 = Debug|Any CPU
		{1A5D2CA3-0482-4E09-99E6-AD740DA20678}.Release|Any CPU.ActiveCfg = Release|Any CPU
		{1A5D2CA3-0482-4E09-99E6-AD740DA20678}.Release|Any CPU.Build.0 = Release|Any CPU
	EndGlobalSection
	GlobalSection(SolutionProperties) = preSolution
		HideSolutionNode = FALSE
	EndGlobalSection
	GlobalSection(ExtensibilityGlobals) = postSolution
		SolutionGuid = {C04691F3-CD6B-4158-981C-31377259B305}
	EndGlobalSection
EndGlobal
